
Microsoft Visual Studio Solution File, Format Version 12.00
# Visual Studio Version 17
VisualStudioVersion = 17.1.32421.90
MinimumVisualStudioVersion = 10.0.40219.1
Project("{FAE04EC0-301F-11D3-BF4B-00C04F79EFBC}") = "CabInvoiceGenerator", "CabInvoiceGenerator\CabInvoiceGenerator.csproj", "{63D917FA-8853-4350-9D31-D8964C9601B1}"
EndProject
Global
	GlobalSection(SolutionConfigurationPlatforms) = preSolution
		Debug|Any CPU = Debug|Any CPU
		Release|Any CPU = Release|Any CPU
	EndGlobalSection
	GlobalSection(ProjectConfigurationPlatforms) = postSolution
		{63D917FA-8853-4350-9D31-D8964C9601B1}.Debug|Any CPU.ActiveCfg = Debug|Any CPU
		{63D917FA-8853-4350-9D31-D8964C9601B1}.Debug|Any CPU.Build.0 = Debug|Any CPU
		{63D917FA-8853-4350-9D31-D8964C9601B1}.Release|Any CPU.ActiveCfg = Release|Any CPU
		{63D917FA-8853-4350-9D31-D8964C9601B1}.Release|Any CPU.Build.0 = Release|Any CPU
	EndGlobalSection
	GlobalSection(SolutionProperties) = preSolution
		HideSolutionNode = FALSE
	EndGlobalSection
	GlobalSection(ExtensibilityGlobals) = postSolution
		SolutionGuid = {6A6E3D67-480B-4F42-8A6A-CF910B538A70}
	EndGlobalSection
EndGlobal
